
Microsoft Visual Studio Solution File, Format Version 12.00
# Visual Studio Version 16
VisualStudioVersion = 16.0.30114.105
MinimumVisualStudioVersion = 10.0.40219.1
Project("{2150E333-8FDC-42A3-9474-1A3956D46DE8}") = "Subscriber", "Subscriber", "{E010A41A-8DD2-4E0F-9D88-E993918E3565}"
EndProject
Project("{FAE04EC0-301F-11D3-BF4B-00C04F79EFBC}") = "Subscriber.WebApi", "Subscriber.WebApi\Subscriber.WebApi.csproj", "{4B990505-B2ED-4BEC-9750-3A922D610164}"
EndProject
Project("{FAE04EC0-301F-11D3-BF4B-00C04F79EFBC}") = "Subscriber.Data", "Subscriber.Data\Subscriber.Data.csproj", "{37451059-6A2A-40C2-92F6-59AD28352FD8}"
EndProject
Project("{FAE04EC0-301F-11D3-BF4B-00C04F79EFBC}") = "Subscriber.Services", "Subscriber.Services\Subscriber.Services.csproj", "{027C8547-5205-4774-8C81-F7742BC851A1}"
EndProject
Global
	GlobalSection(SolutionConfigurationPlatforms) = preSolution
		Debug|Any CPU = Debug|Any CPU
		Release|Any CPU = Release|Any CPU
	EndGlobalSection
	GlobalSection(ProjectConfigurationPlatforms) = postSolution
		{4B990505-B2ED-4BEC-9750-3A922D610164}.Debug|Any CPU.ActiveCfg = Debug|Any CPU
		{4B990505-B2ED-4BEC-9750-3A922D610164}.Debug|Any CPU.Build.0 = Debug|Any CPU
		{4B990505-B2ED-4BEC-9750-3A922D610164}.Release|Any CPU.ActiveCfg = Release|Any CPU
		{4B990505-B2ED-4BEC-9750-3A922D610164}.Release|Any CPU.Build.0 = Release|Any CPU
		{37451059-6A2A-40C2-92F6-59AD28352FD8}.Debug|Any CPU.ActiveCfg = Debug|Any CPU
		{37451059-6A2A-40C2-92F6-59AD28352FD8}.Debug|Any CPU.Build.0 = Debug|Any CPU
		{37451059-6A2A-40C2-92F6-59AD28352FD8}.Release|Any CPU.ActiveCfg = Release|Any CPU
		{37451059-6A2A-40C2-92F6-59AD28352FD8}.Release|Any CPU.Build.0 = Release|Any CPU
		{027C8547-5205-4774-8C81-F7742BC851A1}.Debug|Any CPU.ActiveCfg = Debug|Any CPU
		{027C8547-5205-4774-8C81-F7742BC851A1}.Debug|Any CPU.Build.0 = Debug|Any CPU
		{027C8547-5205-4774-8C81-F7742BC851A1}.Release|Any CPU.ActiveCfg = Release|Any CPU
		{027C8547-5205-4774-8C81-F7742BC851A1}.Release|Any CPU.Build.0 = Release|Any CPU
	EndGlobalSection
	GlobalSection(SolutionProperties) = preSolution
		HideSolutionNode = FALSE
	EndGlobalSection
	GlobalSection(NestedProjects) = preSolution
		{4B990505-B2ED-4BEC-9750-3A922D610164} = {E010A41A-8DD2-4E0F-9D88-E993918E3565}
		{37451059-6A2A-40C2-92F6-59AD28352FD8} = {E010A41A-8DD2-4E0F-9D88-E993918E3565}
		{027C8547-5205-4774-8C81-F7742BC851A1} = {E010A41A-8DD2-4E0F-9D88-E993918E3565}
	EndGlobalSection
	GlobalSection(ExtensibilityGlobals) = postSolution
		SolutionGuid = {D5EEBDC2-DAF8-492E-A385-DD57C94A9283}
	EndGlobalSection
EndGlobal
